PODS:
  - Alamofire (4.8.2)
  - AlamofireImage (3.5.2):
    - Alamofire (~> 4.8)
  - Bolts (1.9.0):
    - Bolts/AppLinks (= 1.9.0)
    - Bolts/Tasks (= 1.9.0)
  - Bolts-Swift (1.4.0)
  - Bolts/AppLinks (1.9.0):
    - Bolts/Tasks
  - Bolts/Tasks (1.9.0)
  - DeckTransition (2.1.0)
  - LNPopupController (2.7.1)
  - Parse (1.17.2):
    - Parse/Core (= 1.17.2)
  - Parse/Core (1.17.2):
    - Bolts/Tasks (~> 1.9)
  - ParseLiveQuery (2.5.0):
    - Bolts (~> 1.9.0)
    - Bolts-Swift (~> 1.4.0)
    - Parse (~> 1.17.0)
    - Starscream (~> 3.0.4)
  - PMSuperButton (3.0.1)
  - Starscream (3.0.6)
  - SwiftLint (0.31.0)
  - SwiftVideoBackground (3.3.0)
  - TextFieldEffects (1.5.1)

DEPENDENCIES:
  - AlamofireImage
  - DeckTransition (~> 2.0)
  - LNPopupController
  - Parse
  - ParseLiveQuery
  - PMSuperButton
  - SwiftLint
  - SwiftVideoBackground (~> 3.0)
  - TextFieldEffects

SPEC REPOS:
  https://github.com/cocoapods/specs.git:
    - Alamofire
    - AlamofireImage
    - Bolts
    - Bolts-Swift
    - DeckTransition
    - LNPopupController
    - Parse
    - ParseLiveQuery
    - PMSuperButton
    - Starscream
    - SwiftLint
    - SwiftVideoBackground
    - TextFieldEffects

SPEC CHECKSUMS:
  Alamofire: ae5c501addb7afdbb13687d7f2f722c78734c2d3
  AlamofireImage: 63cfe3baf1370be6c498149687cf6db3e3b00999
  Bolts: ac6567323eac61e203f6a9763667d0f711be34c8
  Bolts-Swift: 650d72e8017721b1a6bbe43d542c4578f8e5ba6f
  DeckTransition: ca707456e3d83928c895fed6f458cbf68c5cac84
  LNPopupController: 62358836cc6bfebb75880198a6b249b3bdd59367
  Parse: 3b31a3dd1777b07ee7f0caee32fafbff544483a5
  ParseLiveQuery: 84cce90a2ee3af04ed51249bc1734c4a6dbe09ab
  PMSuperButton: 2bef6f8659a5df969a69887f496ef309480c65eb
  Starscream: ef3ece99d765eeccb67de105bfa143f929026cf5
  SwiftLint: 7a0227733d786395817373b2d0ca799fd0093ff3
  SwiftVideoBackground: ebcc843d4cbcfc520e42472dad80925a6433da06
  TextFieldEffects: 7d372f58aeaf9acd9626bbf962680aef926b085d

PODFILE CHECKSUM: c9c6ece0a8e63d7233ea913ac7dd7fecdef382c3

COCOAPODS: 1.5.3
