PODS:
  - Alamofire (4.8.1)
  - AlamofireImage (3.5.0):
    - Alamofire (~> 4.8)
  - Bolts (1.9.0):
    - Bolts/AppLinks (= 1.9.0)
    - Bolts/Tasks (= 1.9.0)
  - Bolts-Swift (1.4.0)
  - Bolts/AppLinks (1.9.0):
    - Bolts/Tasks
  - Bolts/Tasks (1.9.0)
  - DeckTransition (2.1.0)
  - Dodo (12.0.0)
  - ESTMusicIndicator (0.2.0)
  - Parse (1.17.2):
    - Parse/Core (= 1.17.2)
  - Parse/Core (1.17.2):
    - Bolts/Tasks (~> 1.9)
  - ParseLiveQuery (2.5.0):
    - Bolts (~> 1.9.0)
    - Bolts-Swift (~> 1.4.0)
    - Parse (~> 1.17.0)
    - Starscream (~> 3.0.4)
  - PMSuperButton (2.2.0)
  - Starscream (3.0.6)
  - SwiftVideoBackground (3.2.0)
  - TextFieldEffects (1.5.1)

DEPENDENCIES:
  - AlamofireImage
  - DeckTransition (~> 2.0)
  - Dodo (~> 12.0)
  - ESTMusicIndicator
  - Parse
  - ParseLiveQuery
  - PMSuperButton
  - SwiftVideoBackground (~> 3.0)
  - TextFieldEffects

SPEC REPOS:
  https://github.com/cocoapods/specs.git:
    - Alamofire
    - AlamofireImage
    - Bolts
    - Bolts-Swift
    - DeckTransition
    - Dodo
    - ESTMusicIndicator
    - Parse
    - ParseLiveQuery
    - PMSuperButton
    - Starscream
    - SwiftVideoBackground
    - TextFieldEffects

SPEC CHECKSUMS:
  Alamofire: 16ce2c353fb72865124ddae8a57c5942388f4f11
  AlamofireImage: 1aea346f4dda2f6c67622fa5a89fcbb80d79cc16
  Bolts: ac6567323eac61e203f6a9763667d0f711be34c8
  Bolts-Swift: 650d72e8017721b1a6bbe43d542c4578f8e5ba6f
  DeckTransition: ca707456e3d83928c895fed6f458cbf68c5cac84
  Dodo: c2a3e49a6b5fcba6c17d4127e72de4decbdd9534
  ESTMusicIndicator: 80a123b51a7de3caa44dc91829b9619185dad0f6
  Parse: 3b31a3dd1777b07ee7f0caee32fafbff544483a5
  ParseLiveQuery: 84cce90a2ee3af04ed51249bc1734c4a6dbe09ab
  PMSuperButton: 5e7b2eb79468dba1ced3fd00e47a7ce88a1fa664
  Starscream: ef3ece99d765eeccb67de105bfa143f929026cf5
  SwiftVideoBackground: 28c37a2cb1bb6162ef179cfd9bb2b08de967b632
  TextFieldEffects: 7d372f58aeaf9acd9626bbf962680aef926b085d

PODFILE CHECKSUM: 6b1484c5acaabbb749b34430c0f19069c950cb33

COCOAPODS: 1.5.3
