// !$*UTF8*$!
{
	archiveVersion = 1;
	classes = {
	};
	objectVersion = 50;
	objects = {

/* Begin PBXBuildFile section */
		07FD7F30B97618A562C5EAA8 /* Pods_YouQueue.framework in Frameworks */ = {isa = PBXBuildFile; fileRef = CFAB6A40458AEC393DFA4D67 /* Pods_YouQueue.framework */; };
		48438E292227401A009F0ECE /* AppDelegate.swift in Sources */ = {isa = PBXBuildFile; fileRef = 48438E282227401A009F0ECE /* AppDelegate.swift */; };
		48438E2B2227401A009F0ECE /* ViewController.swift in Sources */ = {isa = PBXBuildFile; fileRef = 48438E2A2227401A009F0ECE /* ViewController.swift */; };
		48438E2E2227401A009F0ECE /* Main.storyboard in Resources */ = {isa = PBXBuildFile; fileRef = 48438E2C2227401A009F0ECE /* Main.storyboard */; };
		48438E332227401B009F0ECE /* LaunchScreen.storyboard in Resources */ = {isa = PBXBuildFile; fileRef = 48438E312227401B009F0ECE /* LaunchScreen.storyboard */; };
		48438E3B222740C3009F0ECE /* StoreKit.framework in Frameworks */ = {isa = PBXBuildFile; fileRef = 48438E3A222740C3009F0ECE /* StoreKit.framework */; };
		48438E3D222740C9009F0ECE /* MediaPlayer.framework in Frameworks */ = {isa = PBXBuildFile; fileRef = 48438E3C222740C9009F0ECE /* MediaPlayer.framework */; };
		48438E3F22274F20009F0ECE /* SongRequestViewController.swift in Sources */ = {isa = PBXBuildFile; fileRef = 48438E3E22274F20009F0ECE /* SongRequestViewController.swift */; };
		48438E412227543F009F0ECE /* SongCell.swift in Sources */ = {isa = PBXBuildFile; fileRef = 48438E402227543F009F0ECE /* SongCell.swift */; };
		48773C4D2249F2750034C4BA /* Assets.xcassets in Resources */ = {isa = PBXBuildFile; fileRef = 48773C4C2249F2750034C4BA /* Assets.xcassets */; };
		48773C4F2249FD080034C4BA /* party.mp4 in Resources */ = {isa = PBXBuildFile; fileRef = 48773C4E2249FD020034C4BA /* party.mp4 */; };
		48773C51224A8F2C0034C4BA /* Queue.swift in Sources */ = {isa = PBXBuildFile; fileRef = 48773C50224A8F2C0034C4BA /* Queue.swift */; };
		4890869F2242DC1900B1F79D /* QueueViewController.swift in Sources */ = {isa = PBXBuildFile; fileRef = 4890869E2242DC1900B1F79D /* QueueViewController.swift */; };
		489086A12242DC6F00B1F79D /* HostOptionsViewController.swift in Sources */ = {isa = PBXBuildFile; fileRef = 489086A02242DC6F00B1F79D /* HostOptionsViewController.swift */; };
		48D676A72249C92A007E4039 /* Song.swift in Sources */ = {isa = PBXBuildFile; fileRef = 48D676A62249C92A007E4039 /* Song.swift */; };
		48E2496B222DEAC5007B1097 /* HomeViewController.swift in Sources */ = {isa = PBXBuildFile; fileRef = 48E2496A222DEAC5007B1097 /* HomeViewController.swift */; };
		48E2496D222DEAEC007B1097 /* JoinPartyViewController.swift in Sources */ = {isa = PBXBuildFile; fileRef = 48E2496C222DEAEC007B1097 /* JoinPartyViewController.swift */; };
/* End PBXBuildFile section */

/* Begin PBXFileReference section */
		48438E252227401A009F0ECE /* YouQueue.app */ = {isa = PBXFileReference; explicitFileType = wrapper.application; includeInIndex = 0; path = YouQueue.app; sourceTree = BUILT_PRODUCTS_DIR; };
		48438E282227401A009F0ECE /* AppDelegate.swift */ = {isa = PBXFileReference; lastKnownFileType = sourcecode.swift; path = AppDelegate.swift; sourceTree = "<group>"; };
		48438E2A2227401A009F0ECE /* ViewController.swift */ = {isa = PBXFileReference; lastKnownFileType = sourcecode.swift; path = ViewController.swift; sourceTree = "<group>"; };
		48438E2D2227401A009F0ECE /* Base */ = {isa = PBXFileReference; lastKnownFileType = file.storyboard; name = Base; path = Base.lproj/Main.storyboard; sourceTree = "<group>"; };
		48438E322227401B009F0ECE /* Base */ = {isa = PBXFileReference; lastKnownFileType = file.storyboard; name = Base; path = Base.lproj/LaunchScreen.storyboard; sourceTree = "<group>"; };
		48438E342227401B009F0ECE /* Info.plist */ = {isa = PBXFileReference; lastKnownFileType = text.plist.xml; path = Info.plist; sourceTree = "<group>"; };
		48438E3A222740C3009F0ECE /* StoreKit.framework */ = {isa = PBXFileReference; lastKnownFileType = wrapper.framework; name = StoreKit.framework; path = System/Library/Frameworks/StoreKit.framework; sourceTree = SDKROOT; };
		48438E3C222740C9009F0ECE /* MediaPlayer.framework */ = {isa = PBXFileReference; lastKnownFileType = wrapper.framework; name = MediaPlayer.framework; path = System/Library/Frameworks/MediaPlayer.framework; sourceTree = SDKROOT; };
		48438E3E22274F20009F0ECE /* SongRequestViewController.swift */ = {isa = PBXFileReference; lastKnownFileType = sourcecode.swift; path = SongRequestViewController.swift; sourceTree = "<group>"; };
		48438E402227543F009F0ECE /* SongCell.swift */ = {isa = PBXFileReference; lastKnownFileType = sourcecode.swift; path = SongCell.swift; sourceTree = "<group>"; };
		48773C4C2249F2750034C4BA /* Assets.xcassets */ = {isa = PBXFileReference; lastKnownFileType = folder.assetcatalog; path = Assets.xcassets; sourceTree = "<group>"; };
		48773C4E2249FD020034C4BA /* party.mp4 */ = {isa = PBXFileReference; lastKnownFileType = file; path = party.mp4; sourceTree = "<group>"; };
		48773C50224A8F2C0034C4BA /* Queue.swift */ = {isa = PBXFileReference; lastKnownFileType = sourcecode.swift; path = Queue.swift; sourceTree = "<group>"; };
		4890869E2242DC1900B1F79D /* QueueViewController.swift */ = {isa = PBXFileReference; lastKnownFileType = sourcecode.swift; path = QueueViewController.swift; sourceTree = "<group>"; };
		489086A02242DC6F00B1F79D /* HostOptionsViewController.swift */ = {isa = PBXFileReference; lastKnownFileType = sourcecode.swift; path = HostOptionsViewController.swift; sourceTree = "<group>"; };
		48D676A62249C92A007E4039 /* Song.swift */ = {isa = PBXFileReference; lastKnownFileType = sourcecode.swift; path = Song.swift; sourceTree = "<group>"; };
		48E2496A222DEAC5007B1097 /* HomeViewController.swift */ = {isa = PBXFileReference; lastKnownFileType = sourcecode.swift; path = HomeViewController.swift; sourceTree = "<group>"; };
		48E2496C222DEAEC007B1097 /* JoinPartyViewController.swift */ = {isa = PBXFileReference; lastKnownFileType = sourcecode.swift; path = JoinPartyViewController.swift; sourceTree = "<group>"; };
		AE9C3B606E6CE8FBA098EE07 /* Pods-YouQueue.debug.xcconfig */ = {isa = PBXFileReference; includeInIndex = 1; lastKnownFileType = text.xcconfig; name = "Pods-YouQueue.debug.xcconfig"; path = "Pods/Target Support Files/Pods-YouQueue/Pods-YouQueue.debug.xcconfig"; sourceTree = "<group>"; };
		CFAB6A40458AEC393DFA4D67 /* Pods_YouQueue.framework */ = {isa = PBXFileReference; explicitFileType = wrapper.framework; includeInIndex = 0; path = Pods_YouQueue.framework; sourceTree = BUILT_PRODUCTS_DIR; };
		EDB83350C6002047ECB2C5DA /* Pods-YouQueue.release.xcconfig */ = {isa = PBXFileReference; includeInIndex = 1; lastKnownFileType = text.xcconfig; name = "Pods-YouQueue.release.xcconfig"; path = "Pods/Target Support Files/Pods-YouQueue/Pods-YouQueue.release.xcconfig"; sourceTree = "<group>"; };
/* End PBXFileReference section */

/* Begin PBXFrameworksBuildPhase section */
		48438E222227401A009F0ECE /* Frameworks */ = {
			isa = PBXFrameworksBuildPhase;
			buildActionMask = 2147483647;
			files = (
				48438E3D222740C9009F0ECE /* MediaPlayer.framework in Frameworks */,
				48438E3B222740C3009F0ECE /* StoreKit.framework in Frameworks */,
				07FD7F30B97618A562C5EAA8 /* Pods_YouQueue.framework in Frameworks */,
			);
			runOnlyForDeploymentPostprocessing = 0;
		};
/* End PBXFrameworksBuildPhase section */

/* Begin PBXGroup section */
		34E7758855CD2E72E977C5AF /* Pods */ = {
			isa = PBXGroup;
			children = (
				AE9C3B606E6CE8FBA098EE07 /* Pods-YouQueue.debug.xcconfig */,
				EDB83350C6002047ECB2C5DA /* Pods-YouQueue.release.xcconfig */,
			);
			name = Pods;
			sourceTree = "<group>";
		};
		48438E1C2227401A009F0ECE = {
			isa = PBXGroup;
			children = (
				48438E272227401A009F0ECE /* YouQueue */,
				48438E262227401A009F0ECE /* Products */,
				34E7758855CD2E72E977C5AF /* Pods */,
				50F28BAA38BE33AF4EF48CF7 /* Frameworks */,
			);
			sourceTree = "<group>";
		};
		48438E262227401A009F0ECE /* Products */ = {
			isa = PBXGroup;
			children = (
				48438E252227401A009F0ECE /* YouQueue.app */,
			);
			name = Products;
			sourceTree = "<group>";
		};
		48438E272227401A009F0ECE /* YouQueue */ = {
			isa = PBXGroup;
			children = (
				48773C4E2249FD020034C4BA /* party.mp4 */,
				48438E282227401A009F0ECE /* AppDelegate.swift */,
				48438E2A2227401A009F0ECE /* ViewController.swift */,
				48438E2C2227401A009F0ECE /* Main.storyboard */,
				48438E312227401B009F0ECE /* LaunchScreen.storyboard */,
				48773C4C2249F2750034C4BA /* Assets.xcassets */,
				48438E342227401B009F0ECE /* Info.plist */,
				48438E3E22274F20009F0ECE /* SongRequestViewController.swift */,
				48438E402227543F009F0ECE /* SongCell.swift */,
				48E2496A222DEAC5007B1097 /* HomeViewController.swift */,
				48E2496C222DEAEC007B1097 /* JoinPartyViewController.swift */,
				4890869E2242DC1900B1F79D /* QueueViewController.swift */,
				489086A02242DC6F00B1F79D /* HostOptionsViewController.swift */,
				48D676A62249C92A007E4039 /* Song.swift */,
				48773C50224A8F2C0034C4BA /* Queue.swift */,
			);
			path = YouQueue;
			sourceTree = "<group>";
		};
		50F28BAA38BE33AF4EF48CF7 /* Frameworks */ = {
			isa = PBXGroup;
			children = (
				48438E3C222740C9009F0ECE /* MediaPlayer.framework */,
				48438E3A222740C3009F0ECE /* StoreKit.framework */,
				CFAB6A40458AEC393DFA4D67 /* Pods_YouQueue.framework */,
			);
			name = Frameworks;
			sourceTree = "<group>";
		};
/* End PBXGroup section */

/* Begin PBXNativeTarget section */
		48438E242227401A009F0ECE /* YouQueue */ = {
			isa = PBXNativeTarget;
			buildConfigurationList = 48438E372227401B009F0ECE /* Build configuration list for PBXNativeTarget "YouQueue" */;
			buildPhases = (
				56DAA043AC3A3AB41E32C007 /* [CP] Check Pods Manifest.lock */,
				48438E212227401A009F0ECE /* Sources */,
				48438E222227401A009F0ECE /* Frameworks */,
				48438E232227401A009F0ECE /* Resources */,
				82298CADE89507529C4D0C85 /* [CP] Embed Pods Frameworks */,
			);
			buildRules = (
			);
			dependencies = (
			);
			name = YouQueue;
			productName = YouQueue;
			productReference = 48438E252227401A009F0ECE /* YouQueue.app */;
			productType = "com.apple.product-type.application";
		};
/* End PBXNativeTarget section */

/* Begin PBXProject section */
		48438E1D2227401A009F0ECE /* Project object */ = {
			isa = PBXProject;
			attributes = {
				LastSwiftUpdateCheck = 1010;
				LastUpgradeCheck = 1010;
				ORGANIZATIONNAME = "Case Wright";
				TargetAttributes = {
					48438E242227401A009F0ECE = {
						CreatedOnToolsVersion = 10.1;
						SystemCapabilities = {
							com.apple.BackgroundModes = {
								enabled = 1;
							};
						};
					};
				};
			};
			buildConfigurationList = 48438E202227401A009F0ECE /* Build configuration list for PBXProject "YouQueue" */;
			compatibilityVersion = "Xcode 9.3";
			developmentRegion = en;
			hasScannedForEncodings = 0;
			knownRegions = (
				en,
				Base,
			);
			mainGroup = 48438E1C2227401A009F0ECE;
			productRefGroup = 48438E262227401A009F0ECE /* Products */;
			projectDirPath = "";
			projectRoot = "";
			targets = (
				48438E242227401A009F0ECE /* YouQueue */,
			);
		};
/* End PBXProject section */

/* Begin PBXResourcesBuildPhase section */
		48438E232227401A009F0ECE /* Resources */ = {
			isa = PBXResourcesBuildPhase;
			buildActionMask = 2147483647;
			files = (
				48773C4F2249FD080034C4BA /* party.mp4 in Resources */,
				48438E332227401B009F0ECE /* LaunchScreen.storyboard in Resources */,
				48773C4D2249F2750034C4BA /* Assets.xcassets in Resources */,
				48438E2E2227401A009F0ECE /* Main.storyboard in Resources */,
			);
			runOnlyForDeploymentPostprocessing = 0;
		};
/* End PBXResourcesBuildPhase section */

/* Begin PBXShellScriptBuildPhase section */
		56DAA043AC3A3AB41E32C007 /* [CP] Check Pods Manifest.lock */ = {
			isa = PBXShellScriptBuildPhase;
			buildActionMask = 2147483647;
			files = (
			);
			inputFileListPaths = (
			);
			inputPaths = (
				"${PODS_PODFILE_DIR_PATH}/Podfile.lock",
				"${PODS_ROOT}/Manifest.lock",
			);
			name = "[CP] Check Pods Manifest.lock";
			outputFileListPaths = (
			);
			outputPaths = (
				"$(DERIVED_FILE_DIR)/Pods-YouQueue-checkManifestLockResult.txt",
			);
			runOnlyForDeploymentPostprocessing = 0;
			shellPath = /bin/sh;
			shellScript = "diff \"${PODS_PODFILE_DIR_PATH}/Podfile.lock\" \"${PODS_ROOT}/Manifest.lock\" > /dev/null\nif [ $? != 0 ] ; then\n    # print error to STDERR\n    echo \"error: The sandbox is not in sync with the Podfile.lock. Run 'pod install' or update your CocoaPods installation.\" >&2\n    exit 1\nfi\n# This output is used by Xcode 'outputs' to avoid re-running this script phase.\necho \"SUCCESS\" > \"${SCRIPT_OUTPUT_FILE_0}\"\n";
			showEnvVarsInLog = 0;
		};
		82298CADE89507529C4D0C85 /* [CP] Embed Pods Frameworks */ = {
			isa = PBXShellScriptBuildPhase;
			buildActionMask = 2147483647;
			files = (
			);
			inputFileListPaths = (
			);
			inputPaths = (
				"${SRCROOT}/Pods/Target Support Files/Pods-YouQueue/Pods-YouQueue-frameworks.sh",
				"${BUILT_PRODUCTS_DIR}/Alamofire/Alamofire.framework",
				"${BUILT_PRODUCTS_DIR}/AlamofireImage/AlamofireImage.framework",
				"${BUILT_PRODUCTS_DIR}/Bolts/Bolts.framework",
				"${BUILT_PRODUCTS_DIR}/Bolts-Swift/BoltsSwift.framework",
				"${BUILT_PRODUCTS_DIR}/DeckTransition/DeckTransition.framework",
				"${BUILT_PRODUCTS_DIR}/Dodo/Dodo.framework",
				"${BUILT_PRODUCTS_DIR}/ESTMusicIndicator/ESTMusicIndicator.framework",
				"${BUILT_PRODUCTS_DIR}/PMSuperButton/PMSuperButton.framework",
				"${BUILT_PRODUCTS_DIR}/Parse/Parse.framework",
				"${BUILT_PRODUCTS_DIR}/ParseLiveQuery/ParseLiveQuery.framework",
				"${BUILT_PRODUCTS_DIR}/Starscream/Starscream.framework",
				"${BUILT_PRODUCTS_DIR}/SwiftVideoBackground/SwiftVideoBackground.framework",
				"${BUILT_PRODUCTS_DIR}/TextFieldEffects/TextFieldEffects.framework",
			);
			name = "[CP] Embed Pods Frameworks";
			outputFileListPaths = (
			);
			outputPaths = (
				"${TARGET_BUILD_DIR}/${FRAMEWORKS_FOLDER_PATH}/Alamofire.framework",
				"${TARGET_BUILD_DIR}/${FRAMEWORKS_FOLDER_PATH}/AlamofireImage.framework",
				"${TARGET_BUILD_DIR}/${FRAMEWORKS_FOLDER_PATH}/Bolts.framework",
				"${TARGET_BUILD_DIR}/${FRAMEWORKS_FOLDER_PATH}/BoltsSwift.framework",
				"${TARGET_BUILD_DIR}/${FRAMEWORKS_FOLDER_PATH}/DeckTransition.framework",
				"${TARGET_BUILD_DIR}/${FRAMEWORKS_FOLDER_PATH}/Dodo.framework",
				"${TARGET_BUILD_DIR}/${FRAMEWORKS_FOLDER_PATH}/ESTMusicIndicator.framework",
				"${TARGET_BUILD_DIR}/${FRAMEWORKS_FOLDER_PATH}/PMSuperButton.framework",
				"${TARGET_BUILD_DIR}/${FRAMEWORKS_FOLDER_PATH}/Parse.framework",
				"${TARGET_BUILD_DIR}/${FRAMEWORKS_FOLDER_PATH}/ParseLiveQuery.framework",
				"${TARGET_BUILD_DIR}/${FRAMEWORKS_FOLDER_PATH}/Starscream.framework",
				"${TARGET_BUILD_DIR}/${FRAMEWORKS_FOLDER_PATH}/SwiftVideoBackground.framework",
				"${TARGET_BUILD_DIR}/${FRAMEWORKS_FOLDER_PATH}/TextFieldEffects.framework",
			);
			runOnlyForDeploymentPostprocessing = 0;
			shellPath = /bin/sh;
			shellScript = "\"${SRCROOT}/Pods/Target Support Files/Pods-YouQueue/Pods-YouQueue-frameworks.sh\"\n";
			showEnvVarsInLog = 0;
		};
/* End PBXShellScriptBuildPhase section */

/* Begin PBXSourcesBuildPhase section */
		48438E212227401A009F0ECE /* Sources */ = {
			isa = PBXSourcesBuildPhase;
			buildActionMask = 2147483647;
			files = (
				48E2496B222DEAC5007B1097 /* HomeViewController.swift in Sources */,
				48438E412227543F009F0ECE /* SongCell.swift in Sources */,
				4890869F2242DC1900B1F79D /* QueueViewController.swift in Sources */,
				48D676A72249C92A007E4039 /* Song.swift in Sources */,
				489086A12242DC6F00B1F79D /* HostOptionsViewController.swift in Sources */,
				48773C51224A8F2C0034C4BA /* Queue.swift in Sources */,
				48438E2B2227401A009F0ECE /* ViewController.swift in Sources */,
				48438E3F22274F20009F0ECE /* SongRequestViewController.swift in Sources */,
				48438E292227401A009F0ECE /* AppDelegate.swift in Sources */,
				48E2496D222DEAEC007B1097 /* JoinPartyViewController.swift in Sources */,
			);
			runOnlyForDeploymentPostprocessing = 0;
		};
/* End PBXSourcesBuildPhase section */

/* Begin PBXVariantGroup section */
		48438E2C2227401A009F0ECE /* Main.storyboard */ = {
			isa = PBXVariantGroup;
			children = (
				48438E2D2227401A009F0ECE /* Base */,
			);
			name = Main.storyboard;
			sourceTree = "<group>";
		};
		48438E312227401B009F0ECE /* LaunchScreen.storyboard */ = {
			isa = PBXVariantGroup;
			children = (
				48438E322227401B009F0ECE /* Base */,
			);
			name = LaunchScreen.storyboard;
			sourceTree = "<group>";
		};
/* End PBXVariantGroup section */

/* Begin XCBuildConfiguration section */
		48438E352227401B009F0ECE /* Debug */ = {
			isa = XCBuildConfiguration;
			buildSettings = {
				ALWAYS_SEARCH_USER_PATHS = NO;
				CLANG_ANALYZER_NONNULL = YES;
				CLANG_ANALYZER_NUMBER_OBJECT_CONVERSION = YES_AGGRESSIVE;
				CLANG_CXX_LANGUAGE_STANDARD = "gnu++14";
				CLANG_CXX_LIBRARY = "libc++";
				CLANG_ENABLE_MODULES = YES;
				CLANG_ENABLE_OBJC_ARC = YES;
				CLANG_ENABLE_OBJC_WEAK = YES;
				CLANG_WARN_BLOCK_CAPTURE_AUTORELEASING = YES;
				CLANG_WARN_BOOL_CONVERSION = YES;
				CLANG_WARN_COMMA = YES;
				CLANG_WARN_CONSTANT_CONVERSION = YES;
				CLANG_WARN_DEPRECATED_OBJC_IMPLEMENTATIONS = YES;
				CLANG_WARN_DIRECT_OBJC_ISA_USAGE = YES_ERROR;
				CLANG_WARN_DOCUMENTATION_COMMENTS = YES;
				CLANG_WARN_EMPTY_BODY = YES;
				CLANG_WARN_ENUM_CONVERSION = YES;
				CLANG_WARN_INFINITE_RECURSION = YES;
				CLANG_WARN_INT_CONVERSION = YES;
				CLANG_WARN_NON_LITERAL_NULL_CONVERSION = YES;
				CLANG_WARN_OBJC_IMPLICIT_RETAIN_SELF = YES;
				CLANG_WARN_OBJC_LITERAL_CONVERSION = YES;
				CLANG_WARN_OBJC_ROOT_CLASS = YES_ERROR;
				CLANG_WARN_RANGE_LOOP_ANALYSIS = YES;
				CLANG_WARN_STRICT_PROTOTYPES = YES;
				CLANG_WARN_SUSPICIOUS_MOVE = YES;
				CLANG_WARN_UNGUARDED_AVAILABILITY = YES_AGGRESSIVE;
				CLANG_WARN_UNREACHABLE_CODE = YES;
				CLANG_WARN__DUPLICATE_METHOD_MATCH = YES;
				CODE_SIGN_IDENTITY = "iPhone Developer";
				COPY_PHASE_STRIP = NO;
				DEBUG_INFORMATION_FORMAT = dwarf;
				ENABLE_STRICT_OBJC_MSGSEND = YES;
				ENABLE_TESTABILITY = YES;
				GCC_C_LANGUAGE_STANDARD = gnu11;
				GCC_DYNAMIC_NO_PIC = NO;
				GCC_NO_COMMON_BLOCKS = YES;
				GCC_OPTIMIZATION_LEVEL = 0;
				GCC_PREPROCESSOR_DEFINITIONS = (
					"DEBUG=1",
					"$(inherited)",
				);
				GCC_WARN_64_TO_32_BIT_CONVERSION = YES;
				GCC_WARN_ABOUT_RETURN_TYPE = YES_ERROR;
				GCC_WARN_UNDECLARED_SELECTOR = YES;
				GCC_WARN_UNINITIALIZED_AUTOS = YES_AGGRESSIVE;
				GCC_WARN_UNUSED_FUNCTION = YES;
				GCC_WARN_UNUSED_VARIABLE = YES;
				IPHONEOS_DEPLOYMENT_TARGET = 12.1;
				MTL_ENABLE_DEBUG_INFO = INCLUDE_SOURCE;
				MTL_FAST_MATH = YES;
				ONLY_ACTIVE_ARCH = YES;
				SDKROOT = iphoneos;
				SWIFT_ACTIVE_COMPILATION_CONDITIONS = DEBUG;
				SWIFT_OPTIMIZATION_LEVEL = "-Onone";
			};
			name = Debug;
		};
		48438E362227401B009F0ECE /* Release */ = {
			isa = XCBuildConfiguration;
			buildSettings = {
				ALWAYS_SEARCH_USER_PATHS = NO;
				CLANG_ANALYZER_NONNULL = YES;
				CLANG_ANALYZER_NUMBER_OBJECT_CONVERSION = YES_AGGRESSIVE;
				CLANG_CXX_LANGUAGE_STANDARD = "gnu++14";
				CLANG_CXX_LIBRARY = "libc++";
				CLANG_ENABLE_MODULES = YES;
				CLANG_ENABLE_OBJC_ARC = YES;
				CLANG_ENABLE_OBJC_WEAK = YES;
				CLANG_WARN_BLOCK_CAPTURE_AUTORELEASING = YES;
				CLANG_WARN_BOOL_CONVERSION = YES;
				CLANG_WARN_COMMA = YES;
				CLANG_WARN_CONSTANT_CONVERSION = YES;
				CLANG_WARN_DEPRECATED_OBJC_IMPLEMENTATIONS = YES;
				CLANG_WARN_DIRECT_OBJC_ISA_USAGE = YES_ERROR;
				CLANG_WARN_DOCUMENTATION_COMMENTS = YES;
				CLANG_WARN_EMPTY_BODY = YES;
				CLANG_WARN_ENUM_CONVERSION = YES;
				CLANG_WARN_INFINITE_RECURSION = YES;
				CLANG_WARN_INT_CONVERSION = YES;
				CLANG_WARN_NON_LITERAL_NULL_CONVERSION = YES;
				CLANG_WARN_OBJC_IMPLICIT_RETAIN_SELF = YES;
				CLANG_WARN_OBJC_LITERAL_CONVERSION = YES;
				CLANG_WARN_OBJC_ROOT_CLASS = YES_ERROR;
				CLANG_WARN_RANGE_LOOP_ANALYSIS = YES;
				CLANG_WARN_STRICT_PROTOTYPES = YES;
				CLANG_WARN_SUSPICIOUS_MOVE = YES;
				CLANG_WARN_UNGUARDED_AVAILABILITY = YES_AGGRESSIVE;
				CLANG_WARN_UNREACHABLE_CODE = YES;
				CLANG_WARN__DUPLICATE_METHOD_MATCH = YES;
				CODE_SIGN_IDENTITY = "iPhone Developer";
				COPY_PHASE_STRIP = NO;
				DEBUG_INFORMATION_FORMAT = "dwarf-with-dsym";
				ENABLE_NS_ASSERTIONS = NO;
				ENABLE_STRICT_OBJC_MSGSEND = YES;
				GCC_C_LANGUAGE_STANDARD = gnu11;
				GCC_NO_COMMON_BLOCKS = YES;
				GCC_WARN_64_TO_32_BIT_CONVERSION = YES;
				GCC_WARN_ABOUT_RETURN_TYPE = YES_ERROR;
				GCC_WARN_UNDECLARED_SELECTOR = YES;
				GCC_WARN_UNINITIALIZED_AUTOS = YES_AGGRESSIVE;
				GCC_WARN_UNUSED_FUNCTION = YES;
				GCC_WARN_UNUSED_VARIABLE = YES;
				IPHONEOS_DEPLOYMENT_TARGET = 12.1;
				MTL_ENABLE_DEBUG_INFO = NO;
				MTL_FAST_MATH = YES;
				SDKROOT = iphoneos;
				SWIFT_COMPILATION_MODE = wholemodule;
				SWIFT_OPTIMIZATION_LEVEL = "-O";
				VALIDATE_PRODUCT = YES;
			};
			name = Release;
		};
		48438E382227401B009F0ECE /* Debug */ = {
			isa = XCBuildConfiguration;
			baseConfigurationReference = AE9C3B606E6CE8FBA098EE07 /* Pods-YouQueue.debug.xcconfig */;
			buildSettings = {
				ASSETCATALOG_COMPILER_APPICON_NAME = AppIcon;
				CODE_SIGN_STYLE = Automatic;
				DEVELOPMENT_TEAM = SA9H558Q9R;
				INFOPLIST_FILE = YouQueue/Info.plist;
				LD_RUNPATH_SEARCH_PATHS = (
					"$(inherited)",
					"@executable_path/Frameworks",
				);
				PRODUCT_BUNDLE_IDENTIFIER = com.C453.YouQueue;
				PRODUCT_NAME = "$(TARGET_NAME)";
				SWIFT_VERSION = 4.2;
				TARGETED_DEVICE_FAMILY = "1,2";
			};
			name = Debug;
		};
		48438E392227401B009F0ECE /* Release */ = {
			isa = XCBuildConfiguration;
			baseConfigurationReference = EDB83350C6002047ECB2C5DA /* Pods-YouQueue.release.xcconfig */;
			buildSettings = {
				ASSETCATALOG_COMPILER_APPICON_NAME = AppIcon;
				CODE_SIGN_STYLE = Automatic;
				DEVELOPMENT_TEAM = SA9H558Q9R;
				INFOPLIST_FILE = YouQueue/Info.plist;
				LD_RUNPATH_SEARCH_PATHS = (
					"$(inherited)",
					"@executable_path/Frameworks",
				);
				PRODUCT_BUNDLE_IDENTIFIER = com.C453.YouQueue;
				PRODUCT_NAME = "$(TARGET_NAME)";
				SWIFT_VERSION = 4.2;
				TARGETED_DEVICE_FAMILY = "1,2";
			};
			name = Release;
		};
/* End XCBuildConfiguration section */

/* Begin XCConfigurationList section */
		48438E202227401A009F0ECE /* Build configuration list for PBXProject "YouQueue" */ = {
			isa = XCConfigurationList;
			buildConfigurations = (
				48438E352227401B009F0ECE /* Debug */,
				48438E362227401B009F0ECE /* Release */,
			);
			defaultConfigurationIsVisible = 0;
			defaultConfigurationName = Release;
		};
		48438E372227401B009F0ECE /* Build configuration list for PBXNativeTarget "YouQueue" */ = {
			isa = XCConfigurationList;
			buildConfigurations = (
				48438E382227401B009F0ECE /* Debug */,
				48438E392227401B009F0ECE /* Release */,
			);
			defaultConfigurationIsVisible = 0;
			defaultConfigurationName = Release;
		};
/* End XCConfigurationList section */
	};
	rootObject = 48438E1D2227401A009F0ECE /* Project object */;
}
